
Microsoft Visual Studio Solution File, Format Version 12.00
# Visual Studio Version 16
VisualStudioVersion = 16.0.31702.278
MinimumVisualStudioVersion = 10.0.40219.1
Project("{9A19103F-16F7-4668-BE54-9A1E7A4F7556}") = "BuilderPattern", "BuilderPattern\BuilderPattern.csproj", "{812DE40E-B176-410C-B849-DEBD52F15C9A}"
EndProject
Project("{FAE04EC0-301F-11D3-BF4B-00C04F79EFBC}") = "PrototypePattern", "PrototypePattern\PrototypePattern.csproj", "{245E291C-4F59-44D8-9976-95DC10E5102F}"
EndProject
Project("{FAE04EC0-301F-11D3-BF4B-00C04F79EFBC}") = "SingletonPattern", "SingletonPattern\SingletonPattern.csproj", "{F8BCC955-9360-43B1-8A72-E965E45560D4}"
EndProject
Global
	GlobalSection(SolutionConfigurationPlatforms) = preSolution
		Debug|Any CPU = Debug|Any CPU
		Release|Any CPU = Release|Any CPU
	EndGlobalSection
	GlobalSection(ProjectConfigurationPlatforms) = postSolution
		{812DE40E-B176-410C-B849-DEBD52F15C9A}.Debug|Any CPU.ActiveCfg = Debug|Any CPU
		{812DE40E-B176-410C-B849-DEBD52F15C9A}.Debug|Any CPU.Build.0 = Debug|Any CPU
		{812DE40E-B176-410C-B849-DEBD52F15C9A}.Release|Any CPU.ActiveCfg = Release|Any CPU
		{812DE40E-B176-410C-B849-DEBD52F15C9A}.Release|Any CPU.Build.0 = Release|Any CPU
		{245E291C-4F59-44D8-9976-95DC10E5102F}.Debug|Any CPU.ActiveCfg = Debug|Any CPU
		{245E291C-4F59-44D8-9976-95DC10E5102F}.Debug|Any CPU.Build.0 = Debug|Any CPU
		{245E291C-4F59-44D8-9976-95DC10E5102F}.Release|Any CPU.ActiveCfg = Release|Any CPU
		{245E291C-4F59-44D8-9976-95DC10E5102F}.Release|Any CPU.Build.0 = Release|Any CPU
		{F8BCC955-9360-43B1-8A72-E965E45560D4}.Debug|Any CPU.ActiveCfg = Debug|Any CPU
		{F8BCC955-9360-43B1-8A72-E965E45560D4}.Debug|Any CPU.Build.0 = Debug|Any CPU
		{F8BCC955-9360-43B1-8A72-E965E45560D4}.Release|Any CPU.ActiveCfg = Release|Any CPU
		{F8BCC955-9360-43B1-8A72-E965E45560D4}.Release|Any CPU.Build.0 = Release|Any CPU
	EndGlobalSection
	GlobalSection(SolutionProperties) = preSolution
		HideSolutionNode = FALSE
	EndGlobalSection
	GlobalSection(ExtensibilityGlobals) = postSolution
		SolutionGuid = {4B6A0CCA-2BFF-423C-8F87-F42205C71375}
	EndGlobalSection
EndGlobal
